
Microsoft Visual Studio Solution File, Format Version 12.00
# Visual Studio Version 17
VisualStudioVersion = 17.14.36301.6 d17.14
MinimumVisualStudioVersion = 10.0.40219.1
Project("{FAE04EC0-301F-11D3-BF4B-00C04F79EFBC}") = "LMChat", "LMChat.csproj", "{5E791A07-B923-4DBC-99A6-10133600AF93}"
EndProject
Global
	GlobalSection(SolutionConfigurationPlatforms) = preSolution
		Debug|Any CPU = Debug|Any CPU
		Release|Any CPU = Release|Any CPU
	EndGlobalSection
	GlobalSection(ProjectConfigurationPlatforms) = postSolution
		{5E791A07-B923-4DBC-99A6-10133600AF93}.Debug|Any CPU.ActiveCfg = Debug|Any CPU
		{5E791A07-B923-4DBC-99A6-10133600AF93}.Debug|Any CPU.Build.0 = Debug|Any CPU
		{5E791A07-B923-4DBC-99A6-10133600AF93}.Release|Any CPU.ActiveCfg = Release|Any CPU
		{5E791A07-B923-4DBC-99A6-10133600AF93}.Release|Any CPU.Build.0 = Release|Any CPU
	EndGlobalSection
	GlobalSection(SolutionProperties) = preSolution
		HideSolutionNode = FALSE
	EndGlobalSection
	GlobalSection(ExtensibilityGlobals) = postSolution
		SolutionGuid = {6EAF1DB6-A354-40A4-AEAC-40A0BF0F4960}
	EndGlobalSection
EndGlobal
